
Microsoft Visual Studio Solution File, Format Version 12.00
# Visual Studio 14
VisualStudioVersion = 14.0.23107.0
MinimumVisualStudioVersion = 10.0.40219.1
Project("{FAE04EC0-301F-11D3-BF4B-00C04F79EFBC}") = "VarejoSimples", "VarejoSimples\VarejoSimples.csproj", "{DB069171-2717-4065-98D2-863D149730C9}"
	ProjectSection(ProjectDependencies) = postProject
		{32DD59C9-E643-403C-BCA2-6487CC823918} = {32DD59C9-E643-403C-BCA2-6487CC823918}
		{768A94EA-4C6E-4E6D-8B14-926AD07B40C4} = {768A94EA-4C6E-4E6D-8B14-926AD07B40C4}
	EndProjectSection
EndProject
Project("{FAE04EC0-301F-11D3-BF4B-00C04F79EFBC}") = "NFe", "NFe\NFe.csproj", "{32DD59C9-E643-403C-BCA2-6487CC823918}"
EndProject
Project("{FAE04EC0-301F-11D3-BF4B-00C04F79EFBC}") = "NFCe_Spool", "NFCe_Spool\NFCe_Spool\NFCe_Spool.csproj", "{97A5E952-4868-46F5-A698-489B5A72FCAF}"
EndProject
Project("{FAE04EC0-301F-11D3-BF4B-00C04F79EFBC}") = "SQL2Search", "SQL2Search\SQL2Search.csproj", "{768A94EA-4C6E-4E6D-8B14-926AD07B40C4}"
EndProject
Project("{FAE04EC0-301F-11D3-BF4B-00C04F79EFBC}") = "MobileAppServer", "MobileAppServer\MobileAppServer.csproj", "{8E1334BB-C53B-4B0C-8239-9156251A3AAE}"
EndProject
Project("{FAE04EC0-301F-11D3-BF4B-00C04F79EFBC}") = "VarejoSimplesTest", "VarejoSimplesTest\VarejoSimplesTest.csproj", "{E13A8294-8918-415B-A501-85B618E9D5E0}"
EndProject
Global
	GlobalSection(SolutionConfigurationPlatforms) = preSolution
		Debug|Any CPU = Debug|Any CPU
		Debug|x86 = Debug|x86
		Release|Any CPU = Release|Any CPU
		Release|x86 = Release|x86
	EndGlobalSection
	GlobalSection(ProjectConfigurationPlatforms) = postSolution
		{DB069171-2717-4065-98D2-863D149730C9}.Debug|Any CPU.ActiveCfg = Debug|Any CPU
		{DB069171-2717-4065-98D2-863D149730C9}.Debug|Any CPU.Build.0 = Debug|Any CPU
		{DB069171-2717-4065-98D2-863D149730C9}.Debug|x86.ActiveCfg = Debug|x86
		{DB069171-2717-4065-98D2-863D149730C9}.Debug|x86.Build.0 = Debug|x86
		{DB069171-2717-4065-98D2-863D149730C9}.Release|Any CPU.ActiveCfg = Release|Any CPU
		{DB069171-2717-4065-98D2-863D149730C9}.Release|Any CPU.Build.0 = Release|Any CPU
		{DB069171-2717-4065-98D2-863D149730C9}.Release|x86.ActiveCfg = Release|Any CPU
		{DB069171-2717-4065-98D2-863D149730C9}.Release|x86.Build.0 = Release|Any CPU
		{32DD59C9-E643-403C-BCA2-6487CC823918}.Debug|Any CPU.ActiveCfg = Debug|Any CPU
		{32DD59C9-E643-403C-BCA2-6487CC823918}.Debug|Any CPU.Build.0 = Debug|Any CPU
		{32DD59C9-E643-403C-BCA2-6487CC823918}.Debug|x86.ActiveCfg = Debug|Any CPU
		{32DD59C9-E643-403C-BCA2-6487CC823918}.Debug|x86.Build.0 = Debug|Any CPU
		{32DD59C9-E643-403C-BCA2-6487CC823918}.Release|Any CPU.ActiveCfg = Release|Any CPU
		{32DD59C9-E643-403C-BCA2-6487CC823918}.Release|Any CPU.Build.0 = Release|Any CPU
		{32DD59C9-E643-403C-BCA2-6487CC823918}.Release|x86.ActiveCfg = Release|Any CPU
		{32DD59C9-E643-403C-BCA2-6487CC823918}.Release|x86.Build.0 = Release|Any CPU
		{97A5E952-4868-46F5-A698-489B5A72FCAF}.Debug|Any CPU.ActiveCfg = Debug|Any CPU
		{97A5E952-4868-46F5-A698-489B5A72FCAF}.Debug|Any CPU.Build.0 = Debug|Any CPU
		{97A5E952-4868-46F5-A698-489B5A72FCAF}.Debug|x86.ActiveCfg = Debug|x64
		{97A5E952-4868-46F5-A698-489B5A72FCAF}.Debug|x86.Build.0 = Debug|x64
		{97A5E952-4868-46F5-A698-489B5A72FCAF}.Release|Any CPU.ActiveCfg = Release|Any CPU
		{97A5E952-4868-46F5-A698-489B5A72FCAF}.Release|Any CPU.Build.0 = Release|Any CPU
		{97A5E952-4868-46F5-A698-489B5A72FCAF}.Release|x86.ActiveCfg = Release|Any CPU
		{97A5E952-4868-46F5-A698-489B5A72FCAF}.Release|x86.Build.0 = Release|Any CPU
		{768A94EA-4C6E-4E6D-8B14-926AD07B40C4}.Debug|Any CPU.ActiveCfg = Debug|Any CPU
		{768A94EA-4C6E-4E6D-8B14-926AD07B40C4}.Debug|Any CPU.Build.0 = Debug|Any CPU
		{768A94EA-4C6E-4E6D-8B14-926AD07B40C4}.Debug|x86.ActiveCfg = Debug|Any CPU
		{768A94EA-4C6E-4E6D-8B14-926AD07B40C4}.Debug|x86.Build.0 = Debug|Any CPU
		{768A94EA-4C6E-4E6D-8B14-926AD07B40C4}.Release|Any CPU.ActiveCfg = Release|Any CPU
		{768A94EA-4C6E-4E6D-8B14-926AD07B40C4}.Release|Any CPU.Build.0 = Release|Any CPU
		{768A94EA-4C6E-4E6D-8B14-926AD07B40C4}.Release|x86.ActiveCfg = Release|Any CPU
		{768A94EA-4C6E-4E6D-8B14-926AD07B40C4}.Release|x86.Build.0 = Release|Any CPU
		{8E1334BB-C53B-4B0C-8239-9156251A3AAE}.Debug|Any CPU.ActiveCfg = Debug|Any CPU
		{8E1334BB-C53B-4B0C-8239-9156251A3AAE}.Debug|Any CPU.Build.0 = Debug|Any CPU
		{8E1334BB-C53B-4B0C-8239-9156251A3AAE}.Debug|x86.ActiveCfg = Debug|Any CPU
		{8E1334BB-C53B-4B0C-8239-9156251A3AAE}.Debug|x86.Build.0 = Debug|Any CPU
		{8E1334BB-C53B-4B0C-8239-9156251A3AAE}.Release|Any CPU.ActiveCfg = Release|Any CPU
		{8E1334BB-C53B-4B0C-8239-9156251A3AAE}.Release|Any CPU.Build.0 = Release|Any CPU
		{8E1334BB-C53B-4B0C-8239-9156251A3AAE}.Release|x86.ActiveCfg = Release|Any CPU
		{8E1334BB-C53B-4B0C-8239-9156251A3AAE}.Release|x86.Build.0 = Release|Any CPU
		{E13A8294-8918-415B-A501-85B618E9D5E0}.Debug|Any CPU.ActiveCfg = Debug|Any CPU
		{E13A8294-8918-415B-A501-85B618E9D5E0}.Debug|Any CPU.Build.0 = Debug|Any CPU
		{E13A8294-8918-415B-A501-85B618E9D5E0}.Debug|x86.ActiveCfg = Debug|Any CPU
		{E13A8294-8918-415B-A501-85B618E9D5E0}.Debug|x86.Build.0 = Debug|Any CPU
		{E13A8294-8918-415B-A501-85B618E9D5E0}.Release|Any CPU.ActiveCfg = Release|Any CPU
		{E13A8294-8918-415B-A501-85B618E9D5E0}.Release|Any CPU.Build.0 = Release|Any CPU
		{E13A8294-8918-415B-A501-85B618E9D5E0}.Release|x86.ActiveCfg = Release|Any CPU
		{E13A8294-8918-415B-A501-85B618E9D5E0}.Release|x86.Build.0 = Release|Any CPU
	EndGlobalSection
	GlobalSection(SolutionProperties) = preSolution
		HideSolutionNode = FALSE
	EndGlobalSection
EndGlobal
